{
  "name": "AWSCloudTrailToDevo",
  "version": "1.0.0",
  "lockfileVersion": 1,
  "requires": true,
  "dependencies": {
    "@devo/js-helper": {
      "version": "1.5.0",
      "resolved": "https://registry.npmjs.org/@devo/js-helper/-/js-helper-1.5.0.tgz",
      "integrity": "sha512-vFPuqZyymwYr9AQmZyZk5ajlRG55g9wY2UeoZvgsU5mxW3GkWvDa54QgSn8HEDbFUGZNsbweXMpoi6YfFo0nkA==",
      "requires": {
        "crypto-js": "3.1.9-1"
      }
    },
    "@devo/nodejs-sdk": {
      "version": "2.3.2",
      "resolved": "https://registry.npmjs.org/@devo/nodejs-sdk/-/nodejs-sdk-2.3.2.tgz",
      "integrity": "sha512-jubEkH6D7zspEYBkwiyuBTA2Uzgwy64tganbs3hfoVW12kCrXRuB5FKG4ypcyz50Yb2DIaYrFkR8BTdW3zymfw==",
      "requires": {
        "@devo/js-helper": "^1.3.0",
        "basic-request": "1.2.2",
        "command-line-args": "4.0.2",
        "command-line-usage": "4.0.0",
        "whatwg-fetch": "2.0.3"
      }
    },
    "ansi-escape-sequences": {
      "version": "3.0.0",
      "resolved": "https://registry.npmjs.org/ansi-escape-sequences/-/ansi-escape-sequences-3.0.0.tgz",
      "integrity": "sha1-HBg5S2r5t2/5pjUJ+kl2af0s5T4=",
      "requires": {
        "array-back": "^1.0.3"
      }
    },
    "array-back": {
      "version": "1.0.4",
      "resolved": "https://registry.npmjs.org/array-back/-/array-back-1.0.4.tgz",
      "integrity": "sha1-ZEun8JX3/898Q7Xw3DnTwfA8Bjs=",
      "requires": {
        "typical": "^2.6.0"
      }
    },
    "async": {
      "version": "3.2.2",
      "resolved": "https://registry.npmjs.org/async/-/async-3.2.2.tgz",
      "integrity": "sha512-H0E+qZaDEfx/FY4t7iLRv1W2fFI6+pyCeTw1uN20AQPiwqwM6ojPxHxdLv4z8hi2DtnW9BOckSspLucW7pIE5g=="
    },
    "basic-request": {
      "version": "1.2.2",
      "resolved": "https://registry.npmjs.org/basic-request/-/basic-request-1.2.2.tgz",
      "integrity": "sha512-otvjuQa7oiiG/oyMkTD7xg3CUnmOYEpjeRXd+5DBJGryg70M7aFVTQbqRjmS5SqWLLDXfLJKf8hrVzgikrFOvA=="
    },
    "command-line-args": {
      "version": "4.0.2",
      "resolved": "https://registry.npmjs.org/command-line-args/-/command-line-args-4.0.2.tgz",
      "integrity": "sha1-qZwvKM6rzyasVtOOeLYA6jtX5lA=",
      "requires": {
        "array-back": "^1.0.4",
        "find-replace": "^1.0.3",
        "typical": "^2.6.0"
      }
    },
    "command-line-usage": {
      "version": "4.0.0",
      "resolved": "https://registry.npmjs.org/command-line-usage/-/command-line-usage-4.0.0.tgz",
      "integrity": "sha1-gWsyeItY+f66RNHm2sYPyuspteo=",
      "requires": {
        "ansi-escape-sequences": "^3.0.0",
        "array-back": "^1.0.4",
        "table-layout": "^0.4.0",
        "typical": "^2.6.0"
      }
    },
    "crypto-js": {
      "version": "3.1.9-1",
      "resolved": "https://registry.npmjs.org/crypto-js/-/crypto-js-3.1.9-1.tgz",
      "integrity": "sha1-/aGedh/Ad+Af+/3G6f38WeiAbNg="
    },
    "deep-extend": {
      "version": "0.6.0",
      "resolved": "https://registry.npmjs.org/deep-extend/-/deep-extend-0.6.0.tgz",
      "integrity": "sha512-LOHxIOaPYdHlJRtCQfDIVZtfw/ufM8+rVj649RIHzcm/vGwQRXFt6OPqIFWsm2XEMrNIEtWR64sY1LEKD2vAOA=="
    },
    "find-replace": {
      "version": "1.0.3",
      "resolved": "https://registry.npmjs.org/find-replace/-/find-replace-1.0.3.tgz",
      "integrity": "sha1-uI5zZNLZyVlVnziMZmcNYTBEH6A=",
      "requires": {
        "array-back": "^1.0.4",
        "test-value": "^2.1.0"
      }
    },
    "lodash.padend": {
      "version": "4.6.1",
      "resolved": "https://registry.npmjs.org/lodash.padend/-/lodash.padend-4.6.1.tgz",
      "integrity": "sha1-U8y6BH0G4VjTEfRdpiX05J5vFm4="
    },
    "reduce-flatten": {
      "version": "1.0.1",
      "resolved": "https://registry.npmjs.org/reduce-flatten/-/reduce-flatten-1.0.1.tgz",
      "integrity": "sha1-JYx479FT3fk8tWEjf2EYTzaW4yc="
    },
    "table-layout": {
      "version": "0.4.5",
      "resolved": "https://registry.npmjs.org/table-layout/-/table-layout-0.4.5.tgz",
      "integrity": "sha512-zTvf0mcggrGeTe/2jJ6ECkJHAQPIYEwDoqsiqBjI24mvRmQbInK5jq33fyypaCBxX08hMkfmdOqj6haT33EqWw==",
      "requires": {
        "array-back": "^2.0.0",
        "deep-extend": "~0.6.0",
        "lodash.padend": "^4.6.1",
        "typical": "^2.6.1",
        "wordwrapjs": "^3.0.0"
      },
      "dependencies": {
        "array-back": {
          "version": "2.0.0",
          "resolved": "https://registry.npmjs.org/array-back/-/array-back-2.0.0.tgz",
          "integrity": "sha512-eJv4pLLufP3g5kcZry0j6WXpIbzYw9GUB4mVJZno9wfwiBxbizTnHCw3VJb07cBihbFX48Y7oSrW9y+gt4glyw==",
          "requires": {
            "typical": "^2.6.1"
          }
        }
      }
    },
    "test-value": {
      "version": "2.1.0",
      "resolved": "https://registry.npmjs.org/test-value/-/test-value-2.1.0.tgz",
      "integrity": "sha1-Edpv9nDzRxpztiXKTz/c97t0gpE=",
      "requires": {
        "array-back": "^1.0.3",
        "typical": "^2.6.0"
      }
    },
    "typical": {
      "version": "2.6.1",
      "resolved": "https://registry.npmjs.org/typical/-/typical-2.6.1.tgz",
      "integrity": "sha1-XAgOXWYcu+OCWdLnCjxyU+hziB0="
    },
    "whatwg-fetch": {
      "version": "2.0.3",
      "resolved": "https://registry.npmjs.org/whatwg-fetch/-/whatwg-fetch-2.0.3.tgz",
      "integrity": "sha1-nITsLc9oGH/wC8ZOEnS0QhduHIQ="
    },
    "wordwrapjs": {
      "version": "3.0.0",
      "resolved": "https://registry.npmjs.org/wordwrapjs/-/wordwrapjs-3.0.0.tgz",
      "integrity": "sha512-mO8XtqyPvykVCsrwj5MlOVWvSnCdT+C+QVbm6blradR7JExAhbkZ7hZ9A+9NUtwzSqrlUo9a67ws0EiILrvRpw==",
      "requires": {
        "reduce-flatten": "^1.0.1",
        "typical": "^2.6.1"
      }
    }
  }
}
